
Microsoft Visual Studio Solution File, Format Version 12.00
# Visual Studio Version 16
VisualStudioVersion = 16.0.29926.136
MinimumVisualStudioVersion = 10.0.40219.1
Project("{FAE04EC0-301F-11D3-BF4B-00C04F79EFBC}") = "WallpaperApi", "WallpaperApi\WallpaperApi.csproj", "{F55C5C70-5071-4EAE-A3D2-71C9619F369D}"
EndProject
Global
	GlobalSection(SolutionConfigurationPlatforms) = preSolution
		Debug|Any CPU = Debug|Any CPU
		Release|Any CPU = Release|Any CPU
	EndGlobalSection
	GlobalSection(ProjectConfigurationPlatforms) = postSolution
		{F55C5C70-5071-4EAE-A3D2-71C9619F369D}.Debug|Any CPU.ActiveCfg = Debug|Any CPU
		{F55C5C70-5071-4EAE-A3D2-71C9619F369D}.Debug|Any CPU.Build.0 = Debug|Any CPU
		{F55C5C70-5071-4EAE-A3D2-71C9619F369D}.Release|Any CPU.ActiveCfg = Release|Any CPU
		{F55C5C70-5071-4EAE-A3D2-71C9619F369D}.Release|Any CPU.Build.0 = Release|Any CPU
	EndGlobalSection
	GlobalSection(SolutionProperties) = preSolution
		HideSolutionNode = FALSE
	EndGlobalSection
	GlobalSection(ExtensibilityGlobals) = postSolution
		SolutionGuid = {41BE20F0-AEEE-46FE-BACB-8EFF813F26B1}
	EndGlobalSection
EndGlobal
